Microsoft Visual Studio Solution File, Format Version 12.00
# Visual Studio Version 17
VisualStudioVersion = 17.5.2.0
MinimumVisualStudioVersion = 10.0.40219.1
Project("{FAE04EC0-301F-11D3-BF4B-00C04F79EFBC}") = "FamilyGuardian.Api", "FamilyGuardian.Api.csproj", "{E9DFECA3-D18E-011D-7E9E-02E9CAA98808}"
EndProject
Global
	GlobalSection(SolutionConfigurationPlatforms) = preSolution
		Debug|Any CPU = Debug|Any CPU
		Release|Any CPU = Release|Any CPU
	EndGlobalSection
	GlobalSection(ProjectConfigurationPlatforms) = postSolution
		{E9DFECA3-D18E-011D-7E9E-02E9CAA98808}.Debug|Any CPU.ActiveCfg = Debug|Any CPU
		{E9DFECA3-D18E-011D-7E9E-02E9CAA98808}.Debug|Any CPU.Build.0 = Debug|Any CPU
		{E9DFECA3-D18E-011D-7E9E-02E9CAA98808}.Release|Any CPU.ActiveCfg = Release|Any CPU
		{E9DFECA3-D18E-011D-7E9E-02E9CAA98808}.Release|Any CPU.Build.0 = Release|Any CPU
	EndGlobalSection
	GlobalSection(SolutionProperties) = preSolution
		HideSolutionNode = FALSE
	EndGlobalSection
	GlobalSection(ExtensibilityGlobals) = postSolution
		SolutionGuid = {836A4E8B-40AD-47CF-A3A1-D50F40576DB3}
	EndGlobalSection
EndGlobal
